{
  "name": "tsgo-benchmarks",
  "lockfileVersion": 3,
  "requires": true,
  "packages": {
    "": {
      "name": "tsgo-benchmarks",
      "devDependencies": {
        "@typescript/native-preview": "^7.0.0-dev"
      }
    },
    "node_modules/@typescript/native-preview": {
      "version": "7.0.0-dev.20260308.1",
      "resolved": "https://registry.npmjs.org/@typescript/native-preview/-/native-preview-7.0.0-dev.20260308.1.tgz",
      "integrity": "sha512-8a3oe5IAfBkEfMouRheNhOXUScBSHIUknPvUdsbxx7s+Ja1lxFNA1X1TTl2T18vu72Q/mM86vxefw5eW8/ps3g==",
      "dev": true,
      "license": "Apache-2.0",
      "bin": {
        "tsgo": "bin/tsgo.js"
      },
      "optionalDependencies": {
        "@typescript/native-preview-darwin-arm64": "7.0.0-dev.20260308.1",
        "@typescript/native-preview-darwin-x64": "7.0.0-dev.20260308.1",
        "@typescript/native-preview-linux-arm": "7.0.0-dev.20260308.1",
        "@typescript/native-preview-linux-arm64": "7.0.0-dev.20260308.1",
        "@typescript/native-preview-linux-x64": "7.0.0-dev.20260308.1",
        "@typescript/native-preview-win32-arm64": "7.0.0-dev.20260308.1",
        "@typescript/native-preview-win32-x64": "7.0.0-dev.20260308.1"
      }
    },
    "node_modules/@typescript/native-preview-darwin-arm64": {
      "version": "7.0.0-dev.20260308.1",
      "resolved": "https://registry.npmjs.org/@typescript/native-preview-darwin-arm64/-/native-preview-darwin-arm64-7.0.0-dev.20260308.1.tgz",
      "integrity": "sha512-mywkctYr45fUBUYD35poInc9HEjup0zyCO5z3ZU2QC9eCQShpwYSDceoSCwxVKB/b/f/CU6H3LqINFeIz5CvrQ==",
      "cpu": [
        "arm64"
      ],
      "dev": true,
      "license": "Apache-2.0",
      "optional": true,
      "os": [
        "darwin"
      ]
    },
    "node_modules/@typescript/native-preview-darwin-x64": {
      "version": "7.0.0-dev.20260308.1",
      "resolved": "https://registry.npmjs.org/@typescript/native-preview-darwin-x64/-/native-preview-darwin-x64-7.0.0-dev.20260308.1.tgz",
      "integrity": "sha512-iF+Y4USbCiD5BxmXI6xYuy+S6d2BhxKDb3YHjchzqg3AgleDNTd2rqSzlWv4ku26V2iOSfpM9t1H/xluL9pgNw==",
      "cpu": [
        "x64"
      ],
      "dev": true,
      "license": "Apache-2.0",
      "optional": true,
      "os": [
        "darwin"
      ]
    },
    "node_modules/@typescript/native-preview-linux-arm": {
      "version": "7.0.0-dev.20260308.1",
      "resolved": "https://registry.npmjs.org/@typescript/native-preview-linux-arm/-/native-preview-linux-arm-7.0.0-dev.20260308.1.tgz",
      "integrity": "sha512-vg8hwfwIhT8CmYJI5lG3PP8IoNzKKBGbq1cKjxQabSZTPuQKwVFVity2XKTKZKd+qRGL7xW4UWMJZLFgSx3b2Q==",
      "cpu": [
        "arm"
      ],
      "dev": true,
      "license": "Apache-2.0",
      "optional": true,
      "os": [
        "linux"
      ]
    },
    "node_modules/@typescript/native-preview-linux-arm64": {
      "version": "7.0.0-dev.20260308.1",
      "resolved": "https://registry.npmjs.org/@typescript/native-preview-linux-arm64/-/native-preview-linux-arm64-7.0.0-dev.20260308.1.tgz",
      "integrity": "sha512-uEIIbW1JYPGEesVh/P5xA+xox7pQ6toeFPeke2X2H2bs5YkWHVaUQtVZuKNmGelw+2PCG6XRrXvMgMp056ebuQ==",
      "cpu": [
        "arm64"
      ],
      "dev": true,
      "license": "Apache-2.0",
      "optional": true,
      "os": [
        "linux"
      ]
    },
    "node_modules/@typescript/native-preview-linux-x64": {
      "version": "7.0.0-dev.20260308.1",
      "resolved": "https://registry.npmjs.org/@typescript/native-preview-linux-x64/-/native-preview-linux-x64-7.0.0-dev.20260308.1.tgz",
      "integrity": "sha512-Yd/ht0CGE4NYUAjuHa1u4VbiJbyUgvDh+b2o+Zcb2h5t8B761DIzDm24QqVXh+KhvGUoEodXWg3g3APxLHqj8Q==",
      "cpu": [
        "x64"
      ],
      "dev": true,
      "license": "Apache-2.0",
      "optional": true,
      "os": [
        "linux"
      ]
    },
    "node_modules/@typescript/native-preview-win32-arm64": {
      "version": "7.0.0-dev.20260308.1",
      "resolved": "https://registry.npmjs.org/@typescript/native-preview-win32-arm64/-/native-preview-win32-arm64-7.0.0-dev.20260308.1.tgz",
      "integrity": "sha512-Klk6BoiHegfPmkO0YYrXmbYVdPjOfN25lRkzenqDIwbyzPlABHvICCyo5YRvWD3HU4EeDfLisIFU9wEd/0duCw==",
      "cpu": [
        "arm64"
      ],
      "dev": true,
      "license": "Apache-2.0",
      "optional": true,
      "os": [
        "win32"
      ]
    },
    "node_modules/@typescript/native-preview-win32-x64": {
      "version": "7.0.0-dev.20260308.1",
      "resolved": "https://registry.npmjs.org/@typescript/native-preview-win32-x64/-/native-preview-win32-x64-7.0.0-dev.20260308.1.tgz",
      "integrity": "sha512-4LrXmaMfzedwczANIkD/M9guPD4EWuQnCxOJsJkdYi3ExWQDjIFwfmxTtAmfPBWxVExLfn7UUkz/yCtcv2Wd+w==",
      "cpu": [
        "x64"
      ],
      "dev": true,
      "license": "Apache-2.0",
      "optional": true,
      "os": [
        "win32"
      ]
    }
  }
}
